<Solution>
  <Folder Name="/src/">
    <Project Path="src/CoopGameServer.Api/CoopGameServer.Api.csproj" />
    <Project Path="src/CoopGameServer.Shared/CoopGameServer.Shared.csproj" />
  </Folder>
  <Folder Name="/tests/">
    <Project Path="tests/CoopGameServer.UnitTests/CoopGameServer.UnitTests.csproj" />
  </Folder>
</Solution>
