<Solution>
  <Folder Name="/src/">
    <Project Path="src/CoopGameServer.Api/CoopGameServer.Api.csproj" />
    <Project Path="src/CoopGameServer.Contracts/CoopGameServer.Contracts.csproj" />
    <Project Path="src/CoopGameServer.GrainContracts/CoopGameServer.GrainContracts.csproj" />
    <Project Path="src/CoopGameServer.Grains/CoopGameServer.Grains.csproj" />
    <Project Path="src/CoopGameServer.Silo/CoopGameServer.Silo.csproj" />
  </Folder>
  <Folder Name="/tests/">
    <Project Path="tests/CoopGameServer.IntegrationTests/CoopGameServer.IntegrationTests.csproj" />
    <Project Path="tests/CoopGameServer.UnitTests/CoopGameServer.UnitTests.csproj" />
  </Folder>
</Solution>
